%{
  "bunt": {:hex, :bunt, "0.2.0", "951c6e801e8b1d2cbe58ebbd3e616a869061ddadcc4863d0a2182541acae9a38", [:mix], [], "hexpm", "7af5c7e09fe1d40f76c8e4f9dd2be7cebd83909f31fee7cd0e9eadc567da8353"},
  "certifi": {:hex, :certifi, "2.5.3", "70bdd7e7188c804f3a30ee0e7c99655bc35d8ac41c23e12325f36ab449b70651", [:rebar3], [{:parse_trans, "~>3.3", [hex: :parse_trans, repo: "hexpm", optional: false]}], "hexpm", "ed516acb3929b101208a9d700062d520f3953da3b6b918d866106ffa980e1c10"},
  "combine": {:hex, :combine, "0.10.0", "eff8224eeb56498a2af13011d142c5e7997a80c8f5b97c499f84c841032e429f", [:mix], [], "hexpm", "1b1dbc1790073076580d0d1d64e42eae2366583e7aecd455d1215b0d16f2451b"},
  "credo": {:hex, :credo, "0.10.0", "66234a95effaf9067edb19fc5d0cd5c6b461ad841baac42467afed96c78e5e9e", [:mix], [{:bunt, "~> 0.2.0", [hex: :bunt, repo: "hexpm", optional: false]}, {:jason, "~> 1.0", [hex: :jason, repo: "hexpm", optional: false]}], "hexpm", "893f53d5a5cb0bb6f96bde8732c20376e24be208fa052bdefd49119f77b64df6"},
  "dialyxir": {:hex, :dialyxir, "1.0.0-rc.4", "71b42f5ee1b7628f3e3a6565f4617dfb02d127a0499ab3e72750455e986df001", [:mix], [{:erlex, "~> 0.1", [hex: :erlex, repo: "hexpm", optional: false]}], "hexpm", "4bba10c6f267a0dd127d687d1295f6a11af6a7f160cc0e261c46f1962a98d7d8"},
  "earmark": {:hex, :earmark, "1.3.2", "b840562ea3d67795ffbb5bd88940b1bed0ed9fa32834915125ea7d02e35888a5", [:mix], [], "hexpm", "e3be2bc3ae67781db529b80aa7e7c49904a988596e2dbff897425b48b3581161"},
  "elixir_uuid": {:hex, :elixir_uuid, "1.2.0", "ff26e938f95830b1db152cb6e594d711c10c02c6391236900ddd070a6b01271d", [:mix], [], "hexpm", "e4d6e26434471761ed45a3545239da87af7b70904dd4442a55f87d06b137c56b"},
  "erlex": {:hex, :erlex, "0.2.1", "cee02918660807cbba9a7229cae9b42d1c6143b768c781fa6cee1eaf03ad860b", [:mix], [], "hexpm", "df65aa8e1e926941982b208f5957158a52b21fbba06ba8141fff2b8c5ce87574"},
  "ex_doc": {:hex, :ex_doc, "0.19.1", "519bb9c19526ca51d326c060cb1778d4a9056b190086a8c6c115828eaccea6cf", [:mix], [{:earmark, "~> 1.1", [hex: :earmark, repo: "hexpm", optional: false]}, {:makeup_elixir, "~> 0.7", [hex: :makeup_elixir, repo: "hexpm", optional: false]}], "hexpm", "dc87f778d8260da0189a622f62790f6202af72f2f3dee6e78d91a18dd2fcd137"},
  "excoveralls": {:hex, :excoveralls, "0.13.4", "7b0baee01fe150ef81153e6ffc0fc68214737f54570dc257b3ca4da8e419b812", [:mix], [{:hackney, "~> 1.16", [hex: :hackney, repo: "hexpm", optional: false]}, {:jason, "~> 1.0", [hex: :jason, repo: "hexpm", optional: false]}], "hexpm", "faae00b3eee35cdf0342c10b669a7c91f942728217d2a7c7f644b24d391e6190"},
  "exjsx": {:hex, :exjsx, "4.0.0", "60548841e0212df401e38e63c0078ec57b33e7ea49b032c796ccad8cde794b5c", [:mix], [{:jsx, "~> 2.8.0", [hex: :jsx, repo: "hexpm", optional: false]}], "hexpm"},
  "gettext": {:hex, :gettext, "0.16.0", "4a7e90408cef5f1bf57c5a39e2db8c372a906031cc9b1466e963101cb927dafc", [:mix], [], "hexpm", "80493964a1ef9c4013486c9b6fdb1c1448d0d30ddf113678334b557724decf42"},
  "hackney": {:hex, :hackney, "1.17.0", "717ea195fd2f898d9fe9f1ce0afcc2621a41ecfe137fae57e7fe6e9484b9aa99", [:rebar3], [{:certifi, "~>2.5", [hex: :certifi, repo: "hexpm", optional: false]}, {:idna, "~>6.1.0", [hex: :idna, repo: "hexpm", optional: false]}, {:metrics, "~>1.0.0", [hex: :metrics, repo: "hexpm", optional: false]}, {:mimerl, "~>1.1", [hex: :mimerl, repo: "hexpm", optional: false]}, {:parse_trans, "~>3.3", [hex: :parse_trans, repo: "hexpm", optional: false]}, {:ssl_verify_fun, "~>1.1.0", [hex: :ssl_verify_fun, repo: "hexpm", optional: false]}, {:unicode_util_compat, "~>0.7.0", [hex: :unicode_util_compat, repo: "hexpm", optional: false]}], "hexpm", "64c22225f1ea8855f584720c0e5b3cd14095703af1c9fbc845ba042811dc671c"},
  "idna": {:hex, :idna, "6.1.1", "8a63070e9f7d0c62eb9d9fcb360a7de382448200fbbd1b106cc96d3d8099df8d", [:rebar3], [{:unicode_util_compat, "~>0.7.0", [hex: :unicode_util_compat, repo: "hexpm", optional: false]}], "hexpm", "92376eb7894412ed19ac475e4a86f7b413c1b9fbb5bd16dccd57934157944cea"},
  "inch_ex": {:hex, :inch_ex, "2.0.0", "24268a9284a1751f2ceda569cd978e1fa394c977c45c331bb52a405de544f4de", [:mix], [{:bunt, "~> 0.2", [hex: :bunt, repo: "hexpm", optional: false]}, {:jason, "~> 1.0", [hex: :jason, repo: "hexpm", optional: false]}], "hexpm", "96d0ec5ecac8cf63142d02f16b7ab7152cf0f0f1a185a80161b758383c9399a8"},
  "jason": {:hex, :jason, "1.2.2", "ba43e3f2709fd1aa1dce90aaabfd039d000469c05c56f0b8e31978e03fa39052", [:mix], [{:decimal, "~> 1.0 or ~> 2.0", [hex: :decimal, repo: "hexpm", optional: true]}], "hexpm", "18a228f5f0058ee183f29f9eae0805c6e59d61c3b006760668d8d18ff0d12179"},
  "jsx": {:hex, :jsx, "2.8.3", "a05252d381885240744d955fbe3cf810504eb2567164824e19303ea59eef62cf", [:mix, :rebar3], [], "hexpm"},
  "junit_formatter": {:hex, :junit_formatter, "2.2.0", "da6093f0740c58a824f9585ebb7cb1b960efaecf48d1fa969e95d9c47c6b19dd", [:mix], [], "hexpm", "ea23078f6bfc36acd4cefbf01cae6680b2a65919d10647403da04a13c9929f01"},
  "makeup": {:hex, :makeup, "0.5.1", "966c5c2296da272d42f1de178c1d135e432662eca795d6dc12e5e8787514edf7", [:mix], [{:nimble_parsec, "~> 0.2.2", [hex: :nimble_parsec, repo: "hexpm", optional: false]}], "hexpm", "259748a45dfcf5f49765a7c29c9594791c82de23e22d7a3e6e59533fe8e8935b"},
  "makeup_elixir": {:hex, :makeup_elixir, "0.8.0", "1204a2f5b4f181775a0e456154830524cf2207cf4f9112215c05e0b76e4eca8b", [:mix], [{:makeup, "~> 0.5.0", [hex: :makeup, repo: "hexpm", optional: false]}, {:nimble_parsec, "~> 0.2.2", [hex: :nimble_parsec, repo: "hexpm", optional: false]}], "hexpm", "393d17c5a648e3b30522b2a4743bd1dc3533e1227c8c2823ebe8c3a8e5be5913"},
  "metrics": {:hex, :metrics, "1.0.1", "25f094dea2cda98213cecc3aeff09e940299d950904393b2a29d191c346a8486", [:rebar3], [], "hexpm", "69b09adddc4f74a40716ae54d140f93beb0fb8978d8636eaded0c31b6f099f16"},
  "mimerl": {:hex, :mimerl, "1.2.0", "67e2d3f571088d5cfd3e550c383094b47159f3eee8ffa08e64106cdf5e981be3", [:rebar3], [], "hexpm", "f278585650aa581986264638ebf698f8bb19df297f66ad91b18910dfc6e19323"},
  "nimble_parsec": {:hex, :nimble_parsec, "0.2.2", "d526b23bdceb04c7ad15b33c57c4526bf5f50aaa70c7c141b4b4624555c68259", [:mix], [], "hexpm", "4ababf5c44164f161872704e1cfbecab3935fdebec66c72905abaad0e6e5cef6"},
  "parse_trans": {:hex, :parse_trans, "3.3.0", "09765507a3c7590a784615cfd421d101aec25098d50b89d7aa1d66646bc571c1", [:rebar3], [], "hexpm", "17ef63abde837ad30680ea7f857dd9e7ced9476cdd7b0394432af4bfc241b960"},
  "poison": {:hex, :poison, "3.1.0", "d9eb636610e096f86f25d9a46f35a9facac35609a7591b3be3326e99a0484665", [:mix], [], "hexpm"},
  "ssl_verify_fun": {:hex, :ssl_verify_fun, "1.1.6", "cf344f5692c82d2cd7554f5ec8fd961548d4fd09e7d22f5b62482e5aeaebd4b0", [:make, :mix, :rebar3], [], "hexpm", "bdb0d2471f453c88ff3908e7686f86f9be327d065cc1ec16fa4540197ea04680"},
  "timex": {:hex, :timex, "3.3.0", "e0695aa0ddb37d460d93a2db34d332c2c95a40c27edf22fbfea22eb8910a9c8d", [:mix], [{:combine, "~> 0.10", [hex: :combine, repo: "hexpm", optional: false]}, {:gettext, "~> 0.10", [hex: :gettext, repo: "hexpm", optional: false]}, {:tzdata, "~> 0.1.8 or ~> 0.5", [hex: :tzdata, repo: "hexpm", optional: false]}], "hexpm", "87a1644b84d9f9db438e194ce23a59c8f7e0198ec9e8c33eaa7a34d543896be1"},
  "tzdata": {:hex, :tzdata, "0.5.19", "7962a3997bf06303b7d1772988ede22260f3dae1bf897408ebdac2b4435f4e6a", [:mix], [{:hackney, "~> 1.0", [hex: :hackney, repo: "hexpm", optional: false]}], "hexpm", "9d73d54f2cd2780da2cb8148c5f9cd35ddc5639467568d2297002ca20ea6bbf7"},
  "unicode_util_compat": {:hex, :unicode_util_compat, "0.7.0", "bc84380c9ab48177092f43ac89e4dfa2c6d62b40b8bd132b1059ecc7232f9a78", [:rebar3], [], "hexpm", "25eee6d67df61960cf6a794239566599b09e17e668d3700247bc498638152521"},
}
